
Microsoft Visual Studio Solution File, Format Version 12.00
# Visual Studio 15
VisualStudioVersion = 15.0.26403.7
MinimumVisualStudioVersion = 10.0.40219.1
Project("{2150E333-8FDC-42A3-9474-1A3956D46DE8}") = "src", "src", "{807C83E6-6E64-49CF-9D3B-BEF1DB6A5534}"
EndProject
Project("{2150E333-8FDC-42A3-9474-1A3956D46DE8}") = "test", "test", "{A77F7142-8E1D-4843-B862-12D7D4A8CD67}"
EndProject
Project("{9A19103F-16F7-4668-BE54-9A1E7A4F7556}") = "NetTelegramBot.Framework", "src\NetTelegramBot.Framework\NetTelegramBot.Framework.csproj", "{BB1D4CE1-2BF0-426F-8EB7-DC136DEEF3AE}"
EndProject
Project("{9A19103F-16F7-4668-BE54-9A1E7A4F7556}") = "NetTelegramBot.Framework.Tests", "test\NetTelegramBot.Framework.Tests\NetTelegramBot.Framework.Tests.csproj", "{8E0E2D78-B7CA-4179-9B1B-E212E1653144}"
EndProject
Project("{FAE04EC0-301F-11D3-BF4B-00C04F79EFBC}") = "NetTelegramBot.Sample", "src\SampleEchoBot\NetTelegramBot.Sample.csproj", "{8134A822-4CAC-4BA0-825D-0199E111E229}"
EndProject
Global
	GlobalSection(SolutionConfigurationPlatforms) = preSolution
		Debug|Any CPU = Debug|Any CPU
		Release|Any CPU = Release|Any CPU
	EndGlobalSection
	GlobalSection(ProjectConfigurationPlatforms) = postSolution
		{BB1D4CE1-2BF0-426F-8EB7-DC136DEEF3AE}.Debug|Any CPU.ActiveCfg = Debug|Any CPU
		{BB1D4CE1-2BF0-426F-8EB7-DC136DEEF3AE}.Debug|Any CPU.Build.0 = Debug|Any CPU
		{BB1D4CE1-2BF0-426F-8EB7-DC136DEEF3AE}.Release|Any CPU.ActiveCfg = Release|Any CPU
		{BB1D4CE1-2BF0-426F-8EB7-DC136DEEF3AE}.Release|Any CPU.Build.0 = Release|Any CPU
		{8E0E2D78-B7CA-4179-9B1B-E212E1653144}.Debug|Any CPU.ActiveCfg = Debug|Any CPU
		{8E0E2D78-B7CA-4179-9B1B-E212E1653144}.Debug|Any CPU.Build.0 = Debug|Any CPU
		{8E0E2D78-B7CA-4179-9B1B-E212E1653144}.Release|Any CPU.ActiveCfg = Release|Any CPU
		{8E0E2D78-B7CA-4179-9B1B-E212E1653144}.Release|Any CPU.Build.0 = Release|Any CPU
		{8134A822-4CAC-4BA0-825D-0199E111E229}.Debug|Any CPU.ActiveCfg = Debug|Any CPU
		{8134A822-4CAC-4BA0-825D-0199E111E229}.Debug|Any CPU.Build.0 = Debug|Any CPU
		{8134A822-4CAC-4BA0-825D-0199E111E229}.Release|Any CPU.ActiveCfg = Release|Any CPU
		{8134A822-4CAC-4BA0-825D-0199E111E229}.Release|Any CPU.Build.0 = Release|Any CPU
	EndGlobalSection
	GlobalSection(SolutionProperties) = preSolution
		HideSolutionNode = FALSE
	EndGlobalSection
	GlobalSection(NestedProjects) = preSolution
		{BB1D4CE1-2BF0-426F-8EB7-DC136DEEF3AE} = {807C83E6-6E64-49CF-9D3B-BEF1DB6A5534}
		{8E0E2D78-B7CA-4179-9B1B-E212E1653144} = {A77F7142-8E1D-4843-B862-12D7D4A8CD67}
		{8134A822-4CAC-4BA0-825D-0199E111E229} = {807C83E6-6E64-49CF-9D3B-BEF1DB6A5534}
	EndGlobalSection
EndGlobal
