
Microsoft Visual Studio Solution File, Format Version 12.00
# Visual Studio 14
VisualStudioVersion = 14.0.25420.1
MinimumVisualStudioVersion = 10.0.40219.1
Project("{2150E333-8FDC-42A3-9474-1A3956D46DE8}") = "src", "src", "{807C83E6-6E64-49CF-9D3B-BEF1DB6A5534}"
EndProject
Project("{2150E333-8FDC-42A3-9474-1A3956D46DE8}") = "Solution Items", "Solution Items", "{49BCA245-5CBC-45F4-9191-502C23464F88}"
	ProjectSection(SolutionItems) = preProject
		.gitignore = .gitignore
		global.json = global.json
		README.md = README.md
		ruleset.ruleset = ruleset.ruleset
	EndProjectSection
EndProject
Project("{8BB2217D-0F2D-49D1-97BC-3654ED321F3B}") = "NetTelegramBot.Framework", "src\NetTelegramBot.Framework\NetTelegramBot.Framework.xproj", "{BB1D4CE1-2BF0-426F-8EB7-DC136DEEF3AE}"
EndProject
Project("{2150E333-8FDC-42A3-9474-1A3956D46DE8}") = "samples", "samples", "{6D30C90A-FEF6-4D12-8F97-4EFA10814B6D}"
EndProject
Project("{2150E333-8FDC-42A3-9474-1A3956D46DE8}") = "test", "test", "{A77F7142-8E1D-4843-B862-12D7D4A8CD67}"
EndProject
Project("{8BB2217D-0F2D-49D1-97BC-3654ED321F3B}") = "NetTelegramBot.Framework.Tests", "test\NetTelegramBot.Framework.Tests\NetTelegramBot.Framework.Tests.xproj", "{8E0E2D78-B7CA-4179-9B1B-E212E1653144}"
EndProject
Project("{8BB2217D-0F2D-49D1-97BC-3654ED321F3B}") = "NetTelegramBot.Sample", "samples\NetTelegramBot.Sample\NetTelegramBot.Sample.xproj", "{D46EC3E3-76B1-4497-AD49-F651333F965F}"
EndProject
Global
	GlobalSection(SolutionConfigurationPlatforms) = preSolution
		Debug|Any CPU = Debug|Any CPU
		Release|Any CPU = Release|Any CPU
	EndGlobalSection
	GlobalSection(ProjectConfigurationPlatforms) = postSolution
		{BB1D4CE1-2BF0-426F-8EB7-DC136DEEF3AE}.Debug|Any CPU.ActiveCfg = Debug|Any CPU
		{BB1D4CE1-2BF0-426F-8EB7-DC136DEEF3AE}.Debug|Any CPU.Build.0 = Debug|Any CPU
		{BB1D4CE1-2BF0-426F-8EB7-DC136DEEF3AE}.Release|Any CPU.ActiveCfg = Release|Any CPU
		{BB1D4CE1-2BF0-426F-8EB7-DC136DEEF3AE}.Release|Any CPU.Build.0 = Release|Any CPU
		{8E0E2D78-B7CA-4179-9B1B-E212E1653144}.Debug|Any CPU.ActiveCfg = Debug|Any CPU
		{8E0E2D78-B7CA-4179-9B1B-E212E1653144}.Debug|Any CPU.Build.0 = Debug|Any CPU
		{8E0E2D78-B7CA-4179-9B1B-E212E1653144}.Release|Any CPU.ActiveCfg = Release|Any CPU
		{8E0E2D78-B7CA-4179-9B1B-E212E1653144}.Release|Any CPU.Build.0 = Release|Any CPU
		{D46EC3E3-76B1-4497-AD49-F651333F965F}.Debug|Any CPU.ActiveCfg = Debug|Any CPU
		{D46EC3E3-76B1-4497-AD49-F651333F965F}.Debug|Any CPU.Build.0 = Debug|Any CPU
		{D46EC3E3-76B1-4497-AD49-F651333F965F}.Release|Any CPU.ActiveCfg = Release|Any CPU
		{D46EC3E3-76B1-4497-AD49-F651333F965F}.Release|Any CPU.Build.0 = Release|Any CPU
	EndGlobalSection
	GlobalSection(SolutionProperties) = preSolution
		HideSolutionNode = FALSE
	EndGlobalSection
	GlobalSection(NestedProjects) = preSolution
		{BB1D4CE1-2BF0-426F-8EB7-DC136DEEF3AE} = {807C83E6-6E64-49CF-9D3B-BEF1DB6A5534}
		{8E0E2D78-B7CA-4179-9B1B-E212E1653144} = {A77F7142-8E1D-4843-B862-12D7D4A8CD67}
		{D46EC3E3-76B1-4497-AD49-F651333F965F} = {6D30C90A-FEF6-4D12-8F97-4EFA10814B6D}
	EndGlobalSection
EndGlobal
