
Microsoft Visual Studio Solution File, Format Version 12.00
# Visual Studio 15
VisualStudioVersion = 15.0.26430.14
MinimumVisualStudioVersion = 10.0.40219.1
Project("{2150E333-8FDC-42A3-9474-1A3956D46DE8}") = "src", "src", "{807C83E6-6E64-49CF-9D3B-BEF1DB6A5534}"
EndProject
Project("{2150E333-8FDC-42A3-9474-1A3956D46DE8}") = "test", "test", "{A77F7142-8E1D-4843-B862-12D7D4A8CD67}"
EndProject
Project("{9A19103F-16F7-4668-BE54-9A1E7A4F7556}") = "Telegram.Bot.Framework", "src\Telegram.Bot.Framework\Telegram.Bot.Framework.csproj", "{BB1D4CE1-2BF0-426F-8EB7-DC136DEEF3AE}"
EndProject
Project("{9A19103F-16F7-4668-BE54-9A1E7A4F7556}") = "Telegram.Bot.Framework.Tests", "test\Telegram.Bot.Framework.Tests\Telegram.Bot.Framework.Tests.csproj", "{8E0E2D78-B7CA-4179-9B1B-E212E1653144}"
EndProject
Project("{9A19103F-16F7-4668-BE54-9A1E7A4F7556}") = "SampleBots", "sample\SampleBots\SampleBots.csproj", "{8134A822-4CAC-4BA0-825D-0199E111E229}"
EndProject
Project("{9A19103F-16F7-4668-BE54-9A1E7A4F7556}") = "Telegram.Bot", "..\telegram.bot-Poulad\src\Telegram.Bot\Telegram.Bot.csproj", "{BA2CE84C-F90C-4BF8-8377-C7D0A1DF590E}"
EndProject
Project("{2150E333-8FDC-42A3-9474-1A3956D46DE8}") = "sample", "sample", "{A5BE1637-1C1D-49F4-B98D-C1CD734F1CF1}"
EndProject
Project("{9A19103F-16F7-4668-BE54-9A1E7A4F7556}") = "SampleGames", "sample\SampleGames\SampleGames.csproj", "{BEEC1B23-0A48-4C95-8404-85292EA65CFF}"
EndProject
Global
	GlobalSection(SolutionConfigurationPlatforms) = preSolution
		Debug|Any CPU = Debug|Any CPU
		Release|Any CPU = Release|Any CPU
	EndGlobalSection
	GlobalSection(ProjectConfigurationPlatforms) = postSolution
		{BB1D4CE1-2BF0-426F-8EB7-DC136DEEF3AE}.Debug|Any CPU.ActiveCfg = Debug|Any CPU
		{BB1D4CE1-2BF0-426F-8EB7-DC136DEEF3AE}.Debug|Any CPU.Build.0 = Debug|Any CPU
		{BB1D4CE1-2BF0-426F-8EB7-DC136DEEF3AE}.Release|Any CPU.ActiveCfg = Release|Any CPU
		{BB1D4CE1-2BF0-426F-8EB7-DC136DEEF3AE}.Release|Any CPU.Build.0 = Release|Any CPU
		{8E0E2D78-B7CA-4179-9B1B-E212E1653144}.Debug|Any CPU.ActiveCfg = Debug|Any CPU
		{8E0E2D78-B7CA-4179-9B1B-E212E1653144}.Debug|Any CPU.Build.0 = Debug|Any CPU
		{8E0E2D78-B7CA-4179-9B1B-E212E1653144}.Release|Any CPU.ActiveCfg = Release|Any CPU
		{8E0E2D78-B7CA-4179-9B1B-E212E1653144}.Release|Any CPU.Build.0 = Release|Any CPU
		{8134A822-4CAC-4BA0-825D-0199E111E229}.Debug|Any CPU.ActiveCfg = Debug|Any CPU
		{8134A822-4CAC-4BA0-825D-0199E111E229}.Debug|Any CPU.Build.0 = Debug|Any CPU
		{8134A822-4CAC-4BA0-825D-0199E111E229}.Release|Any CPU.ActiveCfg = Release|Any CPU
		{8134A822-4CAC-4BA0-825D-0199E111E229}.Release|Any CPU.Build.0 = Release|Any CPU
		{BA2CE84C-F90C-4BF8-8377-C7D0A1DF590E}.Debug|Any CPU.ActiveCfg = Debug|Any CPU
		{BA2CE84C-F90C-4BF8-8377-C7D0A1DF590E}.Debug|Any CPU.Build.0 = Debug|Any CPU
		{BA2CE84C-F90C-4BF8-8377-C7D0A1DF590E}.Release|Any CPU.ActiveCfg = Release|Any CPU
		{BA2CE84C-F90C-4BF8-8377-C7D0A1DF590E}.Release|Any CPU.Build.0 = Release|Any CPU
		{BEEC1B23-0A48-4C95-8404-85292EA65CFF}.Debug|Any CPU.ActiveCfg = Debug|Any CPU
		{BEEC1B23-0A48-4C95-8404-85292EA65CFF}.Debug|Any CPU.Build.0 = Debug|Any CPU
		{BEEC1B23-0A48-4C95-8404-85292EA65CFF}.Release|Any CPU.ActiveCfg = Release|Any CPU
		{BEEC1B23-0A48-4C95-8404-85292EA65CFF}.Release|Any CPU.Build.0 = Release|Any CPU
	EndGlobalSection
	GlobalSection(SolutionProperties) = preSolution
		HideSolutionNode = FALSE
	EndGlobalSection
	GlobalSection(NestedProjects) = preSolution
		{BB1D4CE1-2BF0-426F-8EB7-DC136DEEF3AE} = {807C83E6-6E64-49CF-9D3B-BEF1DB6A5534}
		{8E0E2D78-B7CA-4179-9B1B-E212E1653144} = {A77F7142-8E1D-4843-B862-12D7D4A8CD67}
		{8134A822-4CAC-4BA0-825D-0199E111E229} = {A5BE1637-1C1D-49F4-B98D-C1CD734F1CF1}
		{BA2CE84C-F90C-4BF8-8377-C7D0A1DF590E} = {807C83E6-6E64-49CF-9D3B-BEF1DB6A5534}
		{BEEC1B23-0A48-4C95-8404-85292EA65CFF} = {A5BE1637-1C1D-49F4-B98D-C1CD734F1CF1}
	EndGlobalSection
EndGlobal
